// !$*UTF8*$!
{
	archiveVersion = 1;
	classes = {
	};
	objectVersion = 46;
	objects = {

/* Begin PBXBuildFile section */
		9BEE3EC11B9ABB9B00BB18B6 /* arahabaki.cpp in Sources */ = {isa = PBXBuildFile; fileRef = 9BEE3EBD1B9A9E4300BB18B6 /* arahabaki.cpp */; };
/* End PBXBuildFile section */

/* Begin PBXFileReference section */
		9BEE3EB11B9A9C5400BB18B6 /* libarahabaki.a */ = {isa = PBXFileReference; explicitFileType = archive.ar; includeInIndex = 0; path = libarahabaki.a; sourceTree = BUILT_PRODUCTS_DIR; };
		9BEE3EBA1B9A9E3A00BB18B6 /* arahabaki.h */ = {isa = PBXFileReference; lastKnownFileType = sourcecode.c.h; path = arahabaki.h; sourceTree = "<group>"; };
		9BEE3EBB1B9A9E3A00BB18B6 /* arguments.h */ = {isa = PBXFileReference; lastKnownFileType = sourcecode.c.h; path = arguments.h; sourceTree = "<group>"; };
		9BEE3EBD1B9A9E4300BB18B6 /* arahabaki.cpp */ = {isa = PBXFileReference; lastKnownFileType = sourcecode.cpp.cpp; path = arahabaki.cpp; sourceTree = "<group>"; };
		9BEE3EBE1B9AB8C800BB18B6 /* route.h */ = {isa = PBXFileReference; lastKnownFileType = sourcecode.c.h; path = route.h; sourceTree = "<group>"; };
		9BEE3EBF1B9AB8C800BB18B6 /* router.h */ = {isa = PBXFileReference; lastKnownFileType = sourcecode.c.h; path = router.h; sourceTree = "<group>"; };
		9BEE3EC01B9ABA2800BB18B6 /* callback.h */ = {isa = PBXFileReference; lastKnownFileType = sourcecode.c.h; path = callback.h; sourceTree = "<group>"; };
/* End PBXFileReference section */

/* Begin PBXFrameworksBuildPhase section */
		9BEE3EAE1B9A9C5400BB18B6 /* Frameworks */ = {
			isa = PBXFrameworksBuildPhase;
			buildActionMask = 2147483647;
			files = (
			);
			runOnlyForDeploymentPostprocessing = 0;
		};
/* End PBXFrameworksBuildPhase section */

/* Begin PBXGroup section */
		9BEE3EA81B9A9C5400BB18B6 = {
			isa = PBXGroup;
			children = (
				9BEE3EB81B9A9E3A00BB18B6 /* include */,
				9BEE3EBC1B9A9E4300BB18B6 /* src */,
				9BEE3EB21B9A9C5400BB18B6 /* Products */,
			);
			sourceTree = "<group>";
		};
		9BEE3EB21B9A9C5400BB18B6 /* Products */ = {
			isa = PBXGroup;
			children = (
				9BEE3EB11B9A9C5400BB18B6 /* libarahabaki.a */,
			);
			name = Products;
			sourceTree = "<group>";
		};
		9BEE3EB81B9A9E3A00BB18B6 /* include */ = {
			isa = PBXGroup;
			children = (
				9BEE3EB91B9A9E3A00BB18B6 /* arahabaki */,
			);
			name = include;
			path = ../../include;
			sourceTree = "<group>";
		};
		9BEE3EB91B9A9E3A00BB18B6 /* arahabaki */ = {
			isa = PBXGroup;
			children = (
				9BEE3EBA1B9A9E3A00BB18B6 /* arahabaki.h */,
				9BEE3EBB1B9A9E3A00BB18B6 /* arguments.h */,
				9BEE3EC01B9ABA2800BB18B6 /* callback.h */,
				9BEE3EBE1B9AB8C800BB18B6 /* route.h */,
				9BEE3EBF1B9AB8C800BB18B6 /* router.h */,
			);
			path = arahabaki;
			sourceTree = "<group>";
		};
		9BEE3EBC1B9A9E4300BB18B6 /* src */ = {
			isa = PBXGroup;
			children = (
				9BEE3EBD1B9A9E4300BB18B6 /* arahabaki.cpp */,
			);
			name = src;
			path = ../../src;
			sourceTree = "<group>";
		};
/* End PBXGroup section */

/* Begin PBXHeadersBuildPhase section */
		9BEE3EAF1B9A9C5400BB18B6 /* Headers */ = {
			isa = PBXHeadersBuildPhase;
			buildActionMask = 2147483647;
			files = (
			);
			runOnlyForDeploymentPostprocessing = 0;
		};
/* End PBXHeadersBuildPhase section */

/* Begin PBXNativeTarget section */
		9BEE3EB01B9A9C5400BB18B6 /* arahabaki */ = {
			isa = PBXNativeTarget;
			buildConfigurationList = 9BEE3EB51B9A9C5400BB18B6 /* Build configuration list for PBXNativeTarget "arahabaki" */;
			buildPhases = (
				9BEE3EAD1B9A9C5400BB18B6 /* Sources */,
				9BEE3EAE1B9A9C5400BB18B6 /* Frameworks */,
				9BEE3EAF1B9A9C5400BB18B6 /* Headers */,
			);
			buildRules = (
			);
			dependencies = (
			);
			name = arahabaki;
			productName = arahabaki;
			productReference = 9BEE3EB11B9A9C5400BB18B6 /* libarahabaki.a */;
			productType = "com.apple.product-type.library.static";
		};
/* End PBXNativeTarget section */

/* Begin PBXProject section */
		9BEE3EA91B9A9C5400BB18B6 /* Project object */ = {
			isa = PBXProject;
			attributes = {
				LastUpgradeCheck = 0640;
				TargetAttributes = {
					9BEE3EB01B9A9C5400BB18B6 = {
						CreatedOnToolsVersion = 6.4;
					};
				};
			};
			buildConfigurationList = 9BEE3EAC1B9A9C5400BB18B6 /* Build configuration list for PBXProject "arahabaki" */;
			compatibilityVersion = "Xcode 3.2";
			developmentRegion = English;
			hasScannedForEncodings = 0;
			knownRegions = (
				en,
			);
			mainGroup = 9BEE3EA81B9A9C5400BB18B6;
			productRefGroup = 9BEE3EB21B9A9C5400BB18B6 /* Products */;
			projectDirPath = "";
			projectRoot = "";
			targets = (
				9BEE3EB01B9A9C5400BB18B6 /* arahabaki */,
			);
		};
/* End PBXProject section */

/* Begin PBXSourcesBuildPhase section */
		9BEE3EAD1B9A9C5400BB18B6 /* Sources */ = {
			isa = PBXSourcesBuildPhase;
			buildActionMask = 2147483647;
			files = (
				9BEE3EC11B9ABB9B00BB18B6 /* arahabaki.cpp in Sources */,
			);
			runOnlyForDeploymentPostprocessing = 0;
		};
/* End PBXSourcesBuildPhase section */

/* Begin XCBuildConfiguration section */
		9BEE3EB31B9A9C5400BB18B6 /* Debug */ = {
			isa = XCBuildConfiguration;
			buildSettings = {
				ALWAYS_SEARCH_USER_PATHS = NO;
				CLANG_CXX_LANGUAGE_STANDARD = "gnu++0x";
				CLANG_CXX_LIBRARY = "libc++";
				CLANG_ENABLE_MODULES = YES;
				CLANG_ENABLE_OBJC_ARC = YES;
				CLANG_WARN_BOOL_CONVERSION = YES;
				CLANG_WARN_CONSTANT_CONVERSION = YES;
				CLANG_WARN_DIRECT_OBJC_ISA_USAGE = YES_ERROR;
				CLANG_WARN_EMPTY_BODY = YES;
				CLANG_WARN_ENUM_CONVERSION = YES;
				CLANG_WARN_INT_CONVERSION = YES;
				CLANG_WARN_OBJC_ROOT_CLASS = YES_ERROR;
				CLANG_WARN_UNREACHABLE_CODE = YES;
				CLANG_WARN__DUPLICATE_METHOD_MATCH = YES;
				COPY_PHASE_STRIP = NO;
				DEBUG_INFORMATION_FORMAT = dwarf;
				ENABLE_STRICT_OBJC_MSGSEND = YES;
				GCC_C_LANGUAGE_STANDARD = gnu99;
				GCC_DYNAMIC_NO_PIC = NO;
				GCC_NO_COMMON_BLOCKS = YES;
				GCC_OPTIMIZATION_LEVEL = 0;
				GCC_PREPROCESSOR_DEFINITIONS = (
					"DEBUG=1",
					"$(inherited)",
				);
				GCC_SYMBOLS_PRIVATE_EXTERN = NO;
				GCC_WARN_64_TO_32_BIT_CONVERSION = YES;
				GCC_WARN_ABOUT_RETURN_TYPE = YES_ERROR;
				GCC_WARN_UNDECLARED_SELECTOR = YES;
				GCC_WARN_UNINITIALIZED_AUTOS = YES_AGGRESSIVE;
				GCC_WARN_UNUSED_FUNCTION = YES;
				GCC_WARN_UNUSED_VARIABLE = YES;
				HEADER_SEARCH_PATHS = (
					"$(inherited)",
					/Applications/Xcode.app/Contents/Developer/Toolchains/XcodeDefault.xctoolchain/usr/include,
					"$(SRCROOT)/../../include",
				);
				MACOSX_DEPLOYMENT_TARGET = 10.10;
				MTL_ENABLE_DEBUG_INFO = YES;
				ONLY_ACTIVE_ARCH = YES;
				SDKROOT = macosx;
			};
			name = Debug;
		};
		9BEE3EB41B9A9C5400BB18B6 /* Release */ = {
			isa = XCBuildConfiguration;
			buildSettings = {
				ALWAYS_SEARCH_USER_PATHS = NO;
				CLANG_CXX_LANGUAGE_STANDARD = "gnu++0x";
				CLANG_CXX_LIBRARY = "libc++";
				CLANG_ENABLE_MODULES = YES;
				CLANG_ENABLE_OBJC_ARC = YES;
				CLANG_WARN_BOOL_CONVERSION = YES;
				CLANG_WARN_CONSTANT_CONVERSION = YES;
				CLANG_WARN_DIRECT_OBJC_ISA_USAGE = YES_ERROR;
				CLANG_WARN_EMPTY_BODY = YES;
				CLANG_WARN_ENUM_CONVERSION = YES;
				CLANG_WARN_INT_CONVERSION = YES;
				CLANG_WARN_OBJC_ROOT_CLASS = YES_ERROR;
				CLANG_WARN_UNREACHABLE_CODE = YES;
				CLANG_WARN__DUPLICATE_METHOD_MATCH = YES;
				COPY_PHASE_STRIP = NO;
				DEBUG_INFORMATION_FORMAT = "dwarf-with-dsym";
				ENABLE_NS_ASSERTIONS = NO;
				ENABLE_STRICT_OBJC_MSGSEND = YES;
				GCC_C_LANGUAGE_STANDARD = gnu99;
				GCC_NO_COMMON_BLOCKS = YES;
				GCC_WARN_64_TO_32_BIT_CONVERSION = YES;
				GCC_WARN_ABOUT_RETURN_TYPE = YES_ERROR;
				GCC_WARN_UNDECLARED_SELECTOR = YES;
				GCC_WARN_UNINITIALIZED_AUTOS = YES_AGGRESSIVE;
				GCC_WARN_UNUSED_FUNCTION = YES;
				GCC_WARN_UNUSED_VARIABLE = YES;
				HEADER_SEARCH_PATHS = (
					"$(inherited)",
					/Applications/Xcode.app/Contents/Developer/Toolchains/XcodeDefault.xctoolchain/usr/include,
					"$(SRCROOT)/../../include",
				);
				MACOSX_DEPLOYMENT_TARGET = 10.10;
				MTL_ENABLE_DEBUG_INFO = NO;
				SDKROOT = macosx;
			};
			name = Release;
		};
		9BEE3EB61B9A9C5400BB18B6 /* Debug */ = {
			isa = XCBuildConfiguration;
			buildSettings = {
				EXECUTABLE_PREFIX = lib;
				PRODUCT_NAME = "$(TARGET_NAME)";
			};
			name = Debug;
		};
		9BEE3EB71B9A9C5400BB18B6 /* Release */ = {
			isa = XCBuildConfiguration;
			buildSettings = {
				EXECUTABLE_PREFIX = lib;
				PRODUCT_NAME = "$(TARGET_NAME)";
			};
			name = Release;
		};
/* End XCBuildConfiguration section */

/* Begin XCConfigurationList section */
		9BEE3EAC1B9A9C5400BB18B6 /* Build configuration list for PBXProject "arahabaki" */ = {
			isa = XCConfigurationList;
			buildConfigurations = (
				9BEE3EB31B9A9C5400BB18B6 /* Debug */,
				9BEE3EB41B9A9C5400BB18B6 /* Release */,
			);
			defaultConfigurationIsVisible = 0;
			defaultConfigurationName = Release;
		};
		9BEE3EB51B9A9C5400BB18B6 /* Build configuration list for PBXNativeTarget "arahabaki" */ = {
			isa = XCConfigurationList;
			buildConfigurations = (
				9BEE3EB61B9A9C5400BB18B6 /* Debug */,
				9BEE3EB71B9A9C5400BB18B6 /* Release */,
			);
			defaultConfigurationIsVisible = 0;
			defaultConfigurationName = Release;
		};
/* End XCConfigurationList section */
	};
	rootObject = 9BEE3EA91B9A9C5400BB18B6 /* Project object */;
}
